
Microsoft Visual Studio Solution File, Format Version 12.00
# Visual Studio 14
VisualStudioVersion = 14.0.25420.1
MinimumVisualStudioVersion = 10.0.40219.1
Project("{2150E333-8FDC-42A3-9474-1A3956D46DE8}") = "documentacao", "documentacao", "{D90A2617-17AC-4E67-AD95-4E27A203A10D}"
EndProject
Project("{2150E333-8FDC-42A3-9474-1A3956D46DE8}") = "fontes", "fontes", "{9C5225C1-C194-4BAF-AF1A-8DC39A9DB34B}"
EndProject
Project("{2150E333-8FDC-42A3-9474-1A3956D46DE8}") = "ui", "ui", "{BA86978C-C87A-4B2C-A1DA-3FD364CF3809}"
EndProject
Project("{2150E333-8FDC-42A3-9474-1A3956D46DE8}") = "core", "core", "{008643AB-A08F-4201-A502-0105F20071B5}"
EndProject
Project("{FAE04EC0-301F-11D3-BF4B-00C04F79EFBC}") = "siva.api", "siva.api\siva.api.csproj", "{5C65B1BF-5B44-4472-B50F-352FC53B7F7C}"
EndProject
Project("{FAE04EC0-301F-11D3-BF4B-00C04F79EFBC}") = "siva.api.Tests", "siva.api.Tests\siva.api.Tests.csproj", "{2D6EFAD6-BFF3-46A5-A6F1-A5B1C908CE40}"
EndProject
Project("{FAE04EC0-301F-11D3-BF4B-00C04F79EFBC}") = "dal", "dal\dal.csproj", "{39F1C046-4D47-42E9-9E3B-552D80AC63C7}"
EndProject
Project("{FAE04EC0-301F-11D3-BF4B-00C04F79EFBC}") = "bll", "bll\bll.csproj", "{09B46FD6-19F5-404E-A3E4-9AF7E16FCC9E}"
EndProject
Project("{FAE04EC0-301F-11D3-BF4B-00C04F79EFBC}") = "framework", "framework\framework.csproj", "{CDA58391-12ED-4F44-A5A5-2159727B6A2A}"
EndProject
Global
	GlobalSection(SolutionConfigurationPlatforms) = preSolution
		Debug|Any CPU = Debug|Any CPU
		Release|Any CPU = Release|Any CPU
	EndGlobalSection
	GlobalSection(ProjectConfigurationPlatforms) = postSolution
		{5C65B1BF-5B44-4472-B50F-352FC53B7F7C}.Debug|Any CPU.ActiveCfg = Debug|Any CPU
		{5C65B1BF-5B44-4472-B50F-352FC53B7F7C}.Debug|Any CPU.Build.0 = Debug|Any CPU
		{5C65B1BF-5B44-4472-B50F-352FC53B7F7C}.Release|Any CPU.ActiveCfg = Release|Any CPU
		{5C65B1BF-5B44-4472-B50F-352FC53B7F7C}.Release|Any CPU.Build.0 = Release|Any CPU
		{2D6EFAD6-BFF3-46A5-A6F1-A5B1C908CE40}.Debug|Any CPU.ActiveCfg = Debug|Any CPU
		{2D6EFAD6-BFF3-46A5-A6F1-A5B1C908CE40}.Debug|Any CPU.Build.0 = Debug|Any CPU
		{2D6EFAD6-BFF3-46A5-A6F1-A5B1C908CE40}.Release|Any CPU.ActiveCfg = Release|Any CPU
		{2D6EFAD6-BFF3-46A5-A6F1-A5B1C908CE40}.Release|Any CPU.Build.0 = Release|Any CPU
		{39F1C046-4D47-42E9-9E3B-552D80AC63C7}.Debug|Any CPU.ActiveCfg = Debug|Any CPU
		{39F1C046-4D47-42E9-9E3B-552D80AC63C7}.Debug|Any CPU.Build.0 = Debug|Any CPU
		{39F1C046-4D47-42E9-9E3B-552D80AC63C7}.Release|Any CPU.ActiveCfg = Release|Any CPU
		{39F1C046-4D47-42E9-9E3B-552D80AC63C7}.Release|Any CPU.Build.0 = Release|Any CPU
		{09B46FD6-19F5-404E-A3E4-9AF7E16FCC9E}.Debug|Any CPU.ActiveCfg = Debug|Any CPU
		{09B46FD6-19F5-404E-A3E4-9AF7E16FCC9E}.Debug|Any CPU.Build.0 = Debug|Any CPU
		{09B46FD6-19F5-404E-A3E4-9AF7E16FCC9E}.Release|Any CPU.ActiveCfg = Release|Any CPU
		{09B46FD6-19F5-404E-A3E4-9AF7E16FCC9E}.Release|Any CPU.Build.0 = Release|Any CPU
		{CDA58391-12ED-4F44-A5A5-2159727B6A2A}.Debug|Any CPU.ActiveCfg = Debug|Any CPU
		{CDA58391-12ED-4F44-A5A5-2159727B6A2A}.Debug|Any CPU.Build.0 = Debug|Any CPU
		{CDA58391-12ED-4F44-A5A5-2159727B6A2A}.Release|Any CPU.ActiveCfg = Release|Any CPU
		{CDA58391-12ED-4F44-A5A5-2159727B6A2A}.Release|Any CPU.Build.0 = Release|Any CPU
	EndGlobalSection
	GlobalSection(SolutionProperties) = preSolution
		HideSolutionNode = FALSE
	EndGlobalSection
	GlobalSection(NestedProjects) = preSolution
		{BA86978C-C87A-4B2C-A1DA-3FD364CF3809} = {9C5225C1-C194-4BAF-AF1A-8DC39A9DB34B}
		{008643AB-A08F-4201-A502-0105F20071B5} = {9C5225C1-C194-4BAF-AF1A-8DC39A9DB34B}
		{5C65B1BF-5B44-4472-B50F-352FC53B7F7C} = {BA86978C-C87A-4B2C-A1DA-3FD364CF3809}
		{2D6EFAD6-BFF3-46A5-A6F1-A5B1C908CE40} = {BA86978C-C87A-4B2C-A1DA-3FD364CF3809}
		{39F1C046-4D47-42E9-9E3B-552D80AC63C7} = {008643AB-A08F-4201-A502-0105F20071B5}
		{09B46FD6-19F5-404E-A3E4-9AF7E16FCC9E} = {008643AB-A08F-4201-A502-0105F20071B5}
		{CDA58391-12ED-4F44-A5A5-2159727B6A2A} = {008643AB-A08F-4201-A502-0105F20071B5}
	EndGlobalSection
EndGlobal
